
Microsoft Visual Studio Solution File, Format Version 12.00
# Visual Studio 2012
Project("{FAE04EC0-301F-11D3-BF4B-00C04F79EFBC}") = "ConsoleApplication1", "ConsoleApplication1\ConsoleApplication1.csproj", "{883BAA01-8647-412A-852C-60F1B359D225}"
EndProject
Project("{FAE04EC0-301F-11D3-BF4B-00C04F79EFBC}") = "Berhitung", "Berhitung\Berhitung.csproj", "{7EA4D42C-81A3-4C92-8548-BAD629FD2294}"
EndProject
Global
	GlobalSection(SolutionConfigurationPlatforms) = preSolution
		Debug|Any CPU = Debug|Any CPU
		Release|Any CPU = Release|Any CPU
	EndGlobalSection
	GlobalSection(ProjectConfigurationPlatforms) = postSolution
		{883BAA01-8647-412A-852C-60F1B359D225}.Debug|Any CPU.ActiveCfg = Debug|Any CPU
		{883BAA01-8647-412A-852C-60F1B359D225}.Debug|Any CPU.Build.0 = Debug|Any CPU
		{883BAA01-8647-412A-852C-60F1B359D225}.Release|Any CPU.ActiveCfg = Release|Any CPU
		{883BAA01-8647-412A-852C-60F1B359D225}.Release|Any CPU.Build.0 = Release|Any CPU
		{7EA4D42C-81A3-4C92-8548-BAD629FD2294}.Debug|Any CPU.ActiveCfg = Debug|Any CPU
		{7EA4D42C-81A3-4C92-8548-BAD629FD2294}.Debug|Any CPU.Build.0 = Debug|Any CPU
		{7EA4D42C-81A3-4C92-8548-BAD629FD2294}.Release|Any CPU.ActiveCfg = Release|Any CPU
		{7EA4D42C-81A3-4C92-8548-BAD629FD2294}.Release|Any CPU.Build.0 = Release|Any CPU
	EndGlobalSection
	GlobalSection(SolutionProperties) = preSolution
		HideSolutionNode = FALSE
	EndGlobalSection
EndGlobal
